
Microsoft Visual Studio Solution File, Format Version 12.00
# Visual Studio Version 16
VisualStudioVersion = 16.0.31019.35
MinimumVisualStudioVersion = 10.0.40219.1
Project("{FAE04EC0-301F-11D3-BF4B-00C04F79EFBC}") = "VCipher", "VCipher.csproj", "{8AC25D2C-5746-4426-A691-7542B67085DE}"
EndProject
Project("{FAE04EC0-301F-11D3-BF4B-00C04F79EFBC}") = "VCipher.Tests", "..\VCipher.Tests\VCipher.Tests.csproj", "{4742697F-B532-46F8-A1E1-4199AD463C20}"
EndProject
Global
	GlobalSection(SolutionConfigurationPlatforms) = preSolution
		Debug|Any CPU = Debug|Any CPU
		Release|Any CPU = Release|Any CPU
	EndGlobalSection
	GlobalSection(ProjectConfigurationPlatforms) = postSolution
		{8AC25D2C-5746-4426-A691-7542B67085DE}.Debug|Any CPU.ActiveCfg = Debug|Any CPU
		{8AC25D2C-5746-4426-A691-7542B67085DE}.Debug|Any CPU.Build.0 = Debug|Any CPU
		{8AC25D2C-5746-4426-A691-7542B67085DE}.Release|Any CPU.ActiveCfg = Release|Any CPU
		{8AC25D2C-5746-4426-A691-7542B67085DE}.Release|Any CPU.Build.0 = Release|Any CPU
		{4742697F-B532-46F8-A1E1-4199AD463C20}.Debug|Any CPU.ActiveCfg = Debug|Any CPU
		{4742697F-B532-46F8-A1E1-4199AD463C20}.Debug|Any CPU.Build.0 = Debug|Any CPU
		{4742697F-B532-46F8-A1E1-4199AD463C20}.Release|Any CPU.ActiveCfg = Release|Any CPU
		{4742697F-B532-46F8-A1E1-4199AD463C20}.Release|Any CPU.Build.0 = Release|Any CPU
	EndGlobalSection
	GlobalSection(SolutionProperties) = preSolution
		HideSolutionNode = FALSE
	EndGlobalSection
	GlobalSection(ExtensibilityGlobals) = postSolution
		SolutionGuid = {66DA72BB-573E-41E9-8492-2F5D1AB8F8C3}
	EndGlobalSection
EndGlobal
